
Microsoft Visual Studio Solution File, Format Version 12.00
# Visual Studio Version 17
VisualStudioVersion = 17.7.34202.233
MinimumVisualStudioVersion = 10.0.40219.1
Project("{9A19103F-16F7-4668-BE54-9A1E7A4F7556}") = "EPAY.ETC.Core.Sync-Subcriber", "EPAY.ETC.Core.Sync-Subcriber\EPAY.ETC.Core.Sync-Subcriber.csproj", "{2704A2B3-C615-4A24-983A-D4A68E0F18C6}"
EndProject
Project("{2150E333-8FDC-42A3-9474-1A3956D46DE8}") = "Commons", "Commons", "{997BA21E-22B4-48B6-9120-BE59F7DCC255}"
EndProject
Project("{9A19103F-16F7-4668-BE54-9A1E7A4F7556}") = "EPAY.ETC.Core.Sync-Subcriber.Core", "EPAY.ETC.Core.Sync-Subcriber.Core\EPAY.ETC.Core.Sync-Subcriber.Core.csproj", "{FD90EDF8-8E66-4B4C-8501-9B31AA4210A5}"
EndProject
Project("{9A19103F-16F7-4668-BE54-9A1E7A4F7556}") = "EPAY.ETC.Core.Sync-Subcriber.Infrastructure", "EPAY.ETC.Core.Sync-Subcriber.Infrastructure\EPAY.ETC.Core.Sync-Subcriber.Infrastructure.csproj", "{ED0B9546-9EC7-48CD-8124-EA79923DEE3E}"
EndProject
Project("{2150E333-8FDC-42A3-9474-1A3956D46DE8}") = "UnitTests", "UnitTests", "{D91528BA-738D-4674-9BB0-E683DFFD8C2B}"
EndProject
Project("{2150E333-8FDC-42A3-9474-1A3956D46DE8}") = "IntegrationTests", "IntegrationTests", "{5FF33A56-4E0B-4AC9-8085-638883276590}"
EndProject
Project("{FAE04EC0-301F-11D3-BF4B-00C04F79EFBC}") = "Sync-Subcriber.Infrastructure.UnitTests", "UnitTests\TestProject1\Sync-Subcriber.Infrastructure.UnitTests.csproj", "{82AFF74F-F4E2-4F67-8A2E-073C290960E7}"
EndProject
Project("{FAE04EC0-301F-11D3-BF4B-00C04F79EFBC}") = "Sync-Subcriber.Core.UnitTests", "UnitTests\EPAY.ETC.Core.Sync-Subcriber.Core.UnitTests\Sync-Subcriber.Core.UnitTests.csproj", "{9040803A-D827-41B4-929F-D3B2ADAF6BC9}"
EndProject
Project("{FAE04EC0-301F-11D3-BF4B-00C04F79EFBC}") = "Sync-Subcriber.Infrastructure.IntegrationTests", "IntegrationTests\TestProject1\Sync-Subcriber.Infrastructure.IntegrationTests.csproj", "{FD695FA8-11BA-46B3-A01B-5C6E392CF28A}"
EndProject
Global
	GlobalSection(SolutionConfigurationPlatforms) = preSolution
		Debug|Any CPU = Debug|Any CPU
		Release|Any CPU = Release|Any CPU
	EndGlobalSection
	GlobalSection(ProjectConfigurationPlatforms) = postSolution
		{2704A2B3-C615-4A24-983A-D4A68E0F18C6}.Debug|Any CPU.ActiveCfg = Debug|Any CPU
		{2704A2B3-C615-4A24-983A-D4A68E0F18C6}.Debug|Any CPU.Build.0 = Debug|Any CPU
		{2704A2B3-C615-4A24-983A-D4A68E0F18C6}.Release|Any CPU.ActiveCfg = Release|Any CPU
		{2704A2B3-C615-4A24-983A-D4A68E0F18C6}.Release|Any CPU.Build.0 = Release|Any CPU
		{FD90EDF8-8E66-4B4C-8501-9B31AA4210A5}.Debug|Any CPU.ActiveCfg = Debug|Any CPU
		{FD90EDF8-8E66-4B4C-8501-9B31AA4210A5}.Debug|Any CPU.Build.0 = Debug|Any CPU
		{FD90EDF8-8E66-4B4C-8501-9B31AA4210A5}.Release|Any CPU.ActiveCfg = Release|Any CPU
		{FD90EDF8-8E66-4B4C-8501-9B31AA4210A5}.Release|Any CPU.Build.0 = Release|Any CPU
		{ED0B9546-9EC7-48CD-8124-EA79923DEE3E}.Debug|Any CPU.ActiveCfg = Debug|Any CPU
		{ED0B9546-9EC7-48CD-8124-EA79923DEE3E}.Debug|Any CPU.Build.0 = Debug|Any CPU
		{ED0B9546-9EC7-48CD-8124-EA79923DEE3E}.Release|Any CPU.ActiveCfg = Release|Any CPU
		{ED0B9546-9EC7-48CD-8124-EA79923DEE3E}.Release|Any CPU.Build.0 = Release|Any CPU
		{82AFF74F-F4E2-4F67-8A2E-073C290960E7}.Debug|Any CPU.ActiveCfg = Debug|Any CPU
		{82AFF74F-F4E2-4F67-8A2E-073C290960E7}.Debug|Any CPU.Build.0 = Debug|Any CPU
		{82AFF74F-F4E2-4F67-8A2E-073C290960E7}.Release|Any CPU.ActiveCfg = Release|Any CPU
		{82AFF74F-F4E2-4F67-8A2E-073C290960E7}.Release|Any CPU.Build.0 = Release|Any CPU
		{9040803A-D827-41B4-929F-D3B2ADAF6BC9}.Debug|Any CPU.ActiveCfg = Debug|Any CPU
		{9040803A-D827-41B4-929F-D3B2ADAF6BC9}.Debug|Any CPU.Build.0 = Debug|Any CPU
		{9040803A-D827-41B4-929F-D3B2ADAF6BC9}.Release|Any CPU.ActiveCfg = Release|Any CPU
		{9040803A-D827-41B4-929F-D3B2ADAF6BC9}.Release|Any CPU.Build.0 = Release|Any CPU
		{FD695FA8-11BA-46B3-A01B-5C6E392CF28A}.Debug|Any CPU.ActiveCfg = Debug|Any CPU
		{FD695FA8-11BA-46B3-A01B-5C6E392CF28A}.Debug|Any CPU.Build.0 = Debug|Any CPU
		{FD695FA8-11BA-46B3-A01B-5C6E392CF28A}.Release|Any CPU.ActiveCfg = Release|Any CPU
		{FD695FA8-11BA-46B3-A01B-5C6E392CF28A}.Release|Any CPU.Build.0 = Release|Any CPU
	EndGlobalSection
	GlobalSection(SolutionProperties) = preSolution
		HideSolutionNode = FALSE
	EndGlobalSection
	GlobalSection(NestedProjects) = preSolution
		{FD90EDF8-8E66-4B4C-8501-9B31AA4210A5} = {997BA21E-22B4-48B6-9120-BE59F7DCC255}
		{ED0B9546-9EC7-48CD-8124-EA79923DEE3E} = {997BA21E-22B4-48B6-9120-BE59F7DCC255}
		{82AFF74F-F4E2-4F67-8A2E-073C290960E7} = {D91528BA-738D-4674-9BB0-E683DFFD8C2B}
		{9040803A-D827-41B4-929F-D3B2ADAF6BC9} = {D91528BA-738D-4674-9BB0-E683DFFD8C2B}
		{FD695FA8-11BA-46B3-A01B-5C6E392CF28A} = {5FF33A56-4E0B-4AC9-8085-638883276590}
	EndGlobalSection
	GlobalSection(ExtensibilityGlobals) = postSolution
		SolutionGuid = {9BBE35AD-4780-4F6D-BA2D-33B44718E981}
	EndGlobalSection
EndGlobal
